
Microsoft Visual Studio Solution File, Format Version 12.00
# Visual Studio Version 17
Project("{8BC9CEB8-8B4A-11D0-8D11-00A0C91BC942}") = "ALL_BUILD", "ALL_BUILD.vcxproj", "{6453E630-64B5-3CBA-92D5-620C8A5C0289}"
	ProjectSection(ProjectDependencies) = postProject
		{0E3D0636-050C-3BBC-B36D-5CF4337765D1} = {0E3D0636-050C-3BBC-B36D-5CF4337765D1}
		{BC80CDC3-42E1-33AD-8255-2D52FC5600D0} = {BC80CDC3-42E1-33AD-8255-2D52FC5600D0}
	EndProjectSection
EndProject
Project("{8BC9CEB8-8B4A-11D0-8D11-00A0C91BC942}") = "ZERO_CHECK", "ZERO_CHECK.vcxproj", "{0E3D0636-050C-3BBC-B36D-5CF4337765D1}"
	ProjectSection(ProjectDependencies) = postProject
	EndProjectSection
EndProject
Project("{8BC9CEB8-8B4A-11D0-8D11-00A0C91BC942}") = "chemkinReader", "chemkinReader.vcxproj", "{BC80CDC3-42E1-33AD-8255-2D52FC5600D0}"
	ProjectSection(ProjectDependencies) = postProject
		{0E3D0636-050C-3BBC-B36D-5CF4337765D1} = {0E3D0636-050C-3BBC-B36D-5CF4337765D1}
	EndProjectSection
EndProject
Global
	GlobalSection(SolutionConfigurationPlatforms) = preSolution
		Debug|x64 = Debug|x64
		Release|x64 = Release|x64
		MinSizeRel|x64 = MinSizeRel|x64
		RelWithDebInfo|x64 = RelWithDebInfo|x64
	EndGlobalSection
	GlobalSection(ProjectConfigurationPlatforms) = postSolution
		{6453E630-64B5-3CBA-92D5-620C8A5C0289}.Debug|x64.ActiveCfg = Debug|x64
		{6453E630-64B5-3CBA-92D5-620C8A5C0289}.Release|x64.ActiveCfg = Release|x64
		{6453E630-64B5-3CBA-92D5-620C8A5C0289}.MinSizeRel|x64.ActiveCfg = MinSizeRel|x64
		{6453E630-64B5-3CBA-92D5-620C8A5C0289}.RelWithDebInfo|x64.ActiveCfg = RelWithDebInfo|x64
		{0E3D0636-050C-3BBC-B36D-5CF4337765D1}.Debug|x64.ActiveCfg = Debug|x64
		{0E3D0636-050C-3BBC-B36D-5CF4337765D1}.Debug|x64.Build.0 = Debug|x64
		{0E3D0636-050C-3BBC-B36D-5CF4337765D1}.Release|x64.ActiveCfg = Release|x64
		{0E3D0636-050C-3BBC-B36D-5CF4337765D1}.Release|x64.Build.0 = Release|x64
		{0E3D0636-050C-3BBC-B36D-5CF4337765D1}.MinSizeRel|x64.ActiveCfg = MinSizeRel|x64
		{0E3D0636-050C-3BBC-B36D-5CF4337765D1}.MinSizeRel|x64.Build.0 = MinSizeRel|x64
		{0E3D0636-050C-3BBC-B36D-5CF4337765D1}.RelWithDebInfo|x64.ActiveCfg = RelWithDebInfo|x64
		{0E3D0636-050C-3BBC-B36D-5CF4337765D1}.RelWithDebInfo|x64.Build.0 = RelWithDebInfo|x64
		{BC80CDC3-42E1-33AD-8255-2D52FC5600D0}.Debug|x64.ActiveCfg = Debug|x64
		{BC80CDC3-42E1-33AD-8255-2D52FC5600D0}.Debug|x64.Build.0 = Debug|x64
		{BC80CDC3-42E1-33AD-8255-2D52FC5600D0}.Release|x64.ActiveCfg = Release|x64
		{BC80CDC3-42E1-33AD-8255-2D52FC5600D0}.Release|x64.Build.0 = Release|x64
		{BC80CDC3-42E1-33AD-8255-2D52FC5600D0}.MinSizeRel|x64.ActiveCfg = MinSizeRel|x64
		{BC80CDC3-42E1-33AD-8255-2D52FC5600D0}.MinSizeRel|x64.Build.0 = MinSizeRel|x64
		{BC80CDC3-42E1-33AD-8255-2D52FC5600D0}.RelWithDebInfo|x64.ActiveCfg = RelWithDebInfo|x64
		{BC80CDC3-42E1-33AD-8255-2D52FC5600D0}.RelWithDebInfo|x64.Build.0 = RelWithDebInfo|x64
	EndGlobalSection
	GlobalSection(ExtensibilityGlobals) = postSolution
		SolutionGuid = {CA218091-CF28-30F8-B87D-65F39F2FF755}
	EndGlobalSection
	GlobalSection(ExtensibilityAddIns) = postSolution
	EndGlobalSection
EndGlobal
